// !$*UTF8*$!
{
	archiveVersion = 1;
	classes = {
	};
	objectVersion = 46;
	objects = {

/* Begin PBXBuildFile section */
		F72431721CE37B43000C441E /* main.m in Sources */ = {isa = PBXBuildFile; fileRef = F72431711CE37B43000C441E /* main.m */; };
		F72431751CE37B43000C441E /* AppDelegate.m in Sources */ = {isa = PBXBuildFile; fileRef = F72431741CE37B43000C441E /* AppDelegate.m */; };
		F72431781CE37B43000C441E /* ViewController.m in Sources */ = {isa = PBXBuildFile; fileRef = F72431771CE37B43000C441E /* ViewController.m */; };
		F724317B1CE37B43000C441E /* Main.storyboard in Resources */ = {isa = PBXBuildFile; fileRef = F72431791CE37B43000C441E /* Main.storyboard */; };
		F724317D1CE37B43000C441E /* Assets.xcassets in Resources */ = {isa = PBXBuildFile; fileRef = F724317C1CE37B43000C441E /* Assets.xcassets */; };
		F72431801CE37B43000C441E /* LaunchScreen.storyboard in Resources */ = {isa = PBXBuildFile; fileRef = F724317E1CE37B43000C441E /* LaunchScreen.storyboard */; };
		F724318A1CE38426000C441E /* ZKVerticalFlexPageViewController.m in Sources */ = {isa = PBXBuildFile; fileRef = F72431891CE38426000C441E /* ZKVerticalFlexPageViewController.m */; };
		F724318D1CE3A509000C441E /* TestTableViewController.m in Sources */ = {isa = PBXBuildFile; fileRef = F724318C1CE3A509000C441E /* TestTableViewController.m */; };
/* End PBXBuildFile section */

/* Begin PBXFileReference section */
		F724316D1CE37B43000C441E /* SexyScrollViews.app */ = {isa = PBXFileReference; explicitFileType = wrapper.application; includeInIndex = 0; path = SexyScrollViews.app; sourceTree = BUILT_PRODUCTS_DIR; };
		F72431711CE37B43000C441E /* main.m */ = {isa = PBXFileReference; lastKnownFileType = sourcecode.c.objc; path = main.m; sourceTree = "<group>"; };
		F72431731CE37B43000C441E /* AppDelegate.h */ = {isa = PBXFileReference; lastKnownFileType = sourcecode.c.h; path = AppDelegate.h; sourceTree = "<group>"; };
		F72431741CE37B43000C441E /* AppDelegate.m */ = {isa = PBXFileReference; lastKnownFileType = sourcecode.c.objc; path = AppDelegate.m; sourceTree = "<group>"; };
		F72431761CE37B43000C441E /* ViewController.h */ = {isa = PBXFileReference; lastKnownFileType = sourcecode.c.h; path = ViewController.h; sourceTree = "<group>"; };
		F72431771CE37B43000C441E /* ViewController.m */ = {isa = PBXFileReference; lastKnownFileType = sourcecode.c.objc; path = ViewController.m; sourceTree = "<group>"; };
		F724317A1CE37B43000C441E /* Base */ = {isa = PBXFileReference; lastKnownFileType = file.storyboard; name = Base; path = Base.lproj/Main.storyboard; sourceTree = "<group>"; };
		F724317C1CE37B43000C441E /* Assets.xcassets */ = {isa = PBXFileReference; lastKnownFileType = folder.assetcatalog; path = Assets.xcassets; sourceTree = "<group>"; };
		F724317F1CE37B43000C441E /* Base */ = {isa = PBXFileReference; lastKnownFileType = file.storyboard; name = Base; path = Base.lproj/LaunchScreen.storyboard; sourceTree = "<group>"; };
		F72431811CE37B43000C441E /* Info.plist */ = {isa = PBXFileReference; lastKnownFileType = text.plist.xml; path = Info.plist; sourceTree = "<group>"; };
		F72431881CE38426000C441E /* ZKVerticalFlexPageViewController.h */ = {isa = PBXFileReference; fileEncoding = 4; lastKnownFileType = sourcecode.c.h; name = ZKVerticalFlexPageViewController.h; path = Exports/ZKVerticalFlexPageViewController.h; sourceTree = "<group>"; };
		F72431891CE38426000C441E /* ZKVerticalFlexPageViewController.m */ = {isa = PBXFileReference; fileEncoding = 4; lastKnownFileType = sourcecode.c.objc; name = ZKVerticalFlexPageViewController.m; path = Exports/ZKVerticalFlexPageViewController.m; sourceTree = "<group>"; };
		F724318B1CE3A509000C441E /* TestTableViewController.h */ = {isa = PBXFileReference; fileEncoding = 4; lastKnownFileType = sourcecode.c.h; path = TestTableViewController.h; sourceTree = "<group>"; };
		F724318C1CE3A509000C441E /* TestTableViewController.m */ = {isa = PBXFileReference; fileEncoding = 4; lastKnownFileType = sourcecode.c.objc; path = TestTableViewController.m; sourceTree = "<group>"; };
/* End PBXFileReference section */

/* Begin PBXFrameworksBuildPhase section */
		F724316A1CE37B42000C441E /* Frameworks */ = {
			isa = PBXFrameworksBuildPhase;
			buildActionMask = 2147483647;
			files = (
			);
			runOnlyForDeploymentPostprocessing = 0;
		};
/* End PBXFrameworksBuildPhase section */

/* Begin PBXGroup section */
		F72431641CE37B42000C441E = {
			isa = PBXGroup;
			children = (
				F724316F1CE37B43000C441E /* SexyScrollViews */,
				F724316E1CE37B43000C441E /* Products */,
			);
			sourceTree = "<group>";
		};
		F724316E1CE37B43000C441E /* Products */ = {
			isa = PBXGroup;
			children = (
				F724316D1CE37B43000C441E /* SexyScrollViews.app */,
			);
			name = Products;
			sourceTree = "<group>";
		};
		F724316F1CE37B43000C441E /* SexyScrollViews */ = {
			isa = PBXGroup;
			children = (
				F72431871CE3840E000C441E /* Exports */,
				F72431731CE37B43000C441E /* AppDelegate.h */,
				F72431741CE37B43000C441E /* AppDelegate.m */,
				F72431761CE37B43000C441E /* ViewController.h */,
				F72431771CE37B43000C441E /* ViewController.m */,
				F72431791CE37B43000C441E /* Main.storyboard */,
				F724317C1CE37B43000C441E /* Assets.xcassets */,
				F724317E1CE37B43000C441E /* LaunchScreen.storyboard */,
				F72431811CE37B43000C441E /* Info.plist */,
				F72431701CE37B43000C441E /* Supporting Files */,
				F724318B1CE3A509000C441E /* TestTableViewController.h */,
				F724318C1CE3A509000C441E /* TestTableViewController.m */,
			);
			path = SexyScrollViews;
			sourceTree = "<group>";
		};
		F72431701CE37B43000C441E /* Supporting Files */ = {
			isa = PBXGroup;
			children = (
				F72431711CE37B43000C441E /* main.m */,
			);
			name = "Supporting Files";
			sourceTree = "<group>";
		};
		F72431871CE3840E000C441E /* Exports */ = {
			isa = PBXGroup;
			children = (
				F72431881CE38426000C441E /* ZKVerticalFlexPageViewController.h */,
				F72431891CE38426000C441E /* ZKVerticalFlexPageViewController.m */,
			);
			name = Exports;
			sourceTree = "<group>";
		};
/* End PBXGroup section */

/* Begin PBXNativeTarget section */
		F724316C1CE37B42000C441E /* SexyScrollViews */ = {
			isa = PBXNativeTarget;
			buildConfigurationList = F72431841CE37B43000C441E /* Build configuration list for PBXNativeTarget "SexyScrollViews" */;
			buildPhases = (
				F72431691CE37B42000C441E /* Sources */,
				F724316A1CE37B42000C441E /* Frameworks */,
				F724316B1CE37B42000C441E /* Resources */,
			);
			buildRules = (
			);
			dependencies = (
			);
			name = SexyScrollViews;
			productName = SexyScrollViews;
			productReference = F724316D1CE37B43000C441E /* SexyScrollViews.app */;
			productType = "com.apple.product-type.application";
		};
/* End PBXNativeTarget section */

/* Begin PBXProject section */
		F72431651CE37B42000C441E /* Project object */ = {
			isa = PBXProject;
			attributes = {
				LastUpgradeCheck = 0730;
				ORGANIZATIONNAME = zhike;
				TargetAttributes = {
					F724316C1CE37B42000C441E = {
						CreatedOnToolsVersion = 7.3.1;
					};
				};
			};
			buildConfigurationList = F72431681CE37B42000C441E /* Build configuration list for PBXProject "SexyScrollViews" */;
			compatibilityVersion = "Xcode 3.2";
			developmentRegion = English;
			hasScannedForEncodings = 0;
			knownRegions = (
				en,
				Base,
			);
			mainGroup = F72431641CE37B42000C441E;
			productRefGroup = F724316E1CE37B43000C441E /* Products */;
			projectDirPath = "";
			projectRoot = "";
			targets = (
				F724316C1CE37B42000C441E /* SexyScrollViews */,
			);
		};
/* End PBXProject section */

/* Begin PBXResourcesBuildPhase section */
		F724316B1CE37B42000C441E /* Resources */ = {
			isa = PBXResourcesBuildPhase;
			buildActionMask = 2147483647;
			files = (
				F72431801CE37B43000C441E /* LaunchScreen.storyboard in Resources */,
				F724317D1CE37B43000C441E /* Assets.xcassets in Resources */,
				F724317B1CE37B43000C441E /* Main.storyboard in Resources */,
			);
			runOnlyForDeploymentPostprocessing = 0;
		};
/* End PBXResourcesBuildPhase section */

/* Begin PBXSourcesBuildPhase section */
		F72431691CE37B42000C441E /* Sources */ = {
			isa = PBXSourcesBuildPhase;
			buildActionMask = 2147483647;
			files = (
				F72431781CE37B43000C441E /* ViewController.m in Sources */,
				F72431751CE37B43000C441E /* AppDelegate.m in Sources */,
				F724318D1CE3A509000C441E /* TestTableViewController.m in Sources */,
				F72431721CE37B43000C441E /* main.m in Sources */,
				F724318A1CE38426000C441E /* ZKVerticalFlexPageViewController.m in Sources */,
			);
			runOnlyForDeploymentPostprocessing = 0;
		};
/* End PBXSourcesBuildPhase section */

/* Begin PBXVariantGroup section */
		F72431791CE37B43000C441E /* Main.storyboard */ = {
			isa = PBXVariantGroup;
			children = (
				F724317A1CE37B43000C441E /* Base */,
			);
			name = Main.storyboard;
			sourceTree = "<group>";
		};
		F724317E1CE37B43000C441E /* LaunchScreen.storyboard */ = {
			isa = PBXVariantGroup;
			children = (
				F724317F1CE37B43000C441E /* Base */,
			);
			name = LaunchScreen.storyboard;
			sourceTree = "<group>";
		};
/* End PBXVariantGroup section */

/* Begin XCBuildConfiguration section */
		F72431821CE37B43000C441E /* Debug */ = {
			isa = XCBuildConfiguration;
			buildSettings = {
				ALWAYS_SEARCH_USER_PATHS = NO;
				CLANG_ANALYZER_NONNULL = YES;
				CLANG_CXX_LANGUAGE_STANDARD = "gnu++0x";
				CLANG_CXX_LIBRARY = "libc++";
				CLANG_ENABLE_MODULES = YES;
				CLANG_ENABLE_OBJC_ARC = YES;
				CLANG_WARN_BOOL_CONVERSION = YES;
				CLANG_WARN_CONSTANT_CONVERSION = YES;
				CLANG_WARN_DIRECT_OBJC_ISA_USAGE = YES_ERROR;
				CLANG_WARN_EMPTY_BODY = YES;
				CLANG_WARN_ENUM_CONVERSION = YES;
				CLANG_WARN_INT_CONVERSION = YES;
				CLANG_WARN_OBJC_ROOT_CLASS = YES_ERROR;
				CLANG_WARN_UNREACHABLE_CODE = YES;
				CLANG_WARN__DUPLICATE_METHOD_MATCH = YES;
				"CODE_SIGN_IDENTITY[sdk=iphoneos*]" = "iPhone Developer";
				COPY_PHASE_STRIP = NO;
				DEBUG_INFORMATION_FORMAT = dwarf;
				ENABLE_STRICT_OBJC_MSGSEND = YES;
				ENABLE_TESTABILITY = YES;
				GCC_C_LANGUAGE_STANDARD = gnu99;
				GCC_DYNAMIC_NO_PIC = NO;
				GCC_NO_COMMON_BLOCKS = YES;
				GCC_OPTIMIZATION_LEVEL = 0;
				GCC_PREPROCESSOR_DEFINITIONS = (
					"DEBUG=1",
					"$(inherited)",
				);
				GCC_WARN_64_TO_32_BIT_CONVERSION = YES;
				GCC_WARN_ABOUT_RETURN_TYPE = YES_ERROR;
				GCC_WARN_UNDECLARED_SELECTOR = YES;
				GCC_WARN_UNINITIALIZED_AUTOS = YES_AGGRESSIVE;
				GCC_WARN_UNUSED_FUNCTION = YES;
				GCC_WARN_UNUSED_VARIABLE = YES;
				IPHONEOS_DEPLOYMENT_TARGET = 9.3;
				MTL_ENABLE_DEBUG_INFO = YES;
				ONLY_ACTIVE_ARCH = YES;
				SDKROOT = iphoneos;
			};
			name = Debug;
		};
		F72431831CE37B43000C441E /* Release */ = {
			isa = XCBuildConfiguration;
			buildSettings = {
				ALWAYS_SEARCH_USER_PATHS = NO;
				CLANG_ANALYZER_NONNULL = YES;
				CLANG_CXX_LANGUAGE_STANDARD = "gnu++0x";
				CLANG_CXX_LIBRARY = "libc++";
				CLANG_ENABLE_MODULES = YES;
				CLANG_ENABLE_OBJC_ARC = YES;
				CLANG_WARN_BOOL_CONVERSION = YES;
				CLANG_WARN_CONSTANT_CONVERSION = YES;
				CLANG_WARN_DIRECT_OBJC_ISA_USAGE = YES_ERROR;
				CLANG_WARN_EMPTY_BODY = YES;
				CLANG_WARN_ENUM_CONVERSION = YES;
				CLANG_WARN_INT_CONVERSION = YES;
				CLANG_WARN_OBJC_ROOT_CLASS = YES_ERROR;
				CLANG_WARN_UNREACHABLE_CODE = YES;
				CLANG_WARN__DUPLICATE_METHOD_MATCH = YES;
				"CODE_SIGN_IDENTITY[sdk=iphoneos*]" = "iPhone Developer";
				COPY_PHASE_STRIP = NO;
				DEBUG_INFORMATION_FORMAT = "dwarf-with-dsym";
				ENABLE_NS_ASSERTIONS = NO;
				ENABLE_STRICT_OBJC_MSGSEND = YES;
				GCC_C_LANGUAGE_STANDARD = gnu99;
				GCC_NO_COMMON_BLOCKS = YES;
				GCC_WARN_64_TO_32_BIT_CONVERSION = YES;
				GCC_WARN_ABOUT_RETURN_TYPE = YES_ERROR;
				GCC_WARN_UNDECLARED_SELECTOR = YES;
				GCC_WARN_UNINITIALIZED_AUTOS = YES_AGGRESSIVE;
				GCC_WARN_UNUSED_FUNCTION = YES;
				GCC_WARN_UNUSED_VARIABLE = YES;
				IPHONEOS_DEPLOYMENT_TARGET = 9.3;
				MTL_ENABLE_DEBUG_INFO = NO;
				SDKROOT = iphoneos;
				VALIDATE_PRODUCT = YES;
			};
			name = Release;
		};
		F72431851CE37B43000C441E /* Debug */ = {
			isa = XCBuildConfiguration;
			buildSettings = {
				ASSETCATALOG_COMPILER_APPICON_NAME = AppIcon;
				INFOPLIST_FILE = SexyScrollViews/Info.plist;
				LD_RUNPATH_SEARCH_PATHS = "$(inherited) @executable_path/Frameworks";
				PRODUCT_BUNDLE_IDENTIFIER = com.innobuddy.SexyScrollViews;
				PRODUCT_NAME = "$(TARGET_NAME)";
			};
			name = Debug;
		};
		F72431861CE37B43000C441E /* Release */ = {
			isa = XCBuildConfiguration;
			buildSettings = {
				ASSETCATALOG_COMPILER_APPICON_NAME = AppIcon;
				INFOPLIST_FILE = SexyScrollViews/Info.plist;
				LD_RUNPATH_SEARCH_PATHS = "$(inherited) @executable_path/Frameworks";
				PRODUCT_BUNDLE_IDENTIFIER = com.innobuddy.SexyScrollViews;
				PRODUCT_NAME = "$(TARGET_NAME)";
			};
			name = Release;
		};
/* End XCBuildConfiguration section */

/* Begin XCConfigurationList section */
		F72431681CE37B42000C441E /* Build configuration list for PBXProject "SexyScrollViews" */ = {
			isa = XCConfigurationList;
			buildConfigurations = (
				F72431821CE37B43000C441E /* Debug */,
				F72431831CE37B43000C441E /* Release */,
			);
			defaultConfigurationIsVisible = 0;
			defaultConfigurationName = Release;
		};
		F72431841CE37B43000C441E /* Build configuration list for PBXNativeTarget "SexyScrollViews" */ = {
			isa = XCConfigurationList;
			buildConfigurations = (
				F72431851CE37B43000C441E /* Debug */,
				F72431861CE37B43000C441E /* Release */,
			);
			defaultConfigurationIsVisible = 0;
		};
/* End XCConfigurationList section */
	};
	rootObject = F72431651CE37B42000C441E /* Project object */;
}
